
Microsoft Visual Studio Solution File, Format Version 12.00
# Visual Studio Version 17
VisualStudioVersion = 17.12.35527.113
MinimumVisualStudioVersion = 10.0.40219.1
Project("{FAE04EC0-301F-11D3-BF4B-00C04F79EFBC}") = "DegiskenTurleri", "DegiskenTurleri\DegiskenTurleri.csproj", "{038491EA-78E4-4479-A833-3E56DD7A8C5B}"
EndProject
Project("{FAE04EC0-301F-11D3-BF4B-00C04F79EFBC}") = "charVeriTipiİnceleme", "charVeriTipiİnceleme\charVeriTipiİnceleme.csproj", "{2A16C846-2412-4EFF-80D3-5CEFA877FB55}"
EndProject
Project("{FAE04EC0-301F-11D3-BF4B-00C04F79EFBC}") = "SayisalDegiskenlerTamSayi", "SayisalDegiskenlerTamSayi\SayisalDegiskenlerTamSayi.csproj", "{2C18ED8F-2926-453D-AA4F-65C56DD8DB8B}"
EndProject
Project("{FAE04EC0-301F-11D3-BF4B-00C04F79EFBC}") = "SayisalDegiskenlerOndalikli", "SayisalDegiskenlerOndalikli\SayisalDegiskenlerOndalikli.csproj", "{5844284E-29E6-4099-857E-1471310D0368}"
EndProject
Project("{FAE04EC0-301F-11D3-BF4B-00C04F79EFBC}") = "MantiksalDegiskenler", "MantiksalDegiskenler\MantiksalDegiskenler.csproj", "{12525C7D-53AC-4394-B697-84303860760D}"
EndProject
Project("{FAE04EC0-301F-11D3-BF4B-00C04F79EFBC}") = "ZamansalDegisken", "ZamansalDegisken\ZamansalDegisken.csproj", "{4E7B6CAF-FEAC-40C2-9F1A-CFFB9165503D}"
EndProject
Project("{FAE04EC0-301F-11D3-BF4B-00C04F79EFBC}") = "DegiskenDavranislari", "DegiskenDavranislari\DegiskenDavranislari.csproj", "{765BC96C-BD35-4AD7-A7A6-9D6C8FE20C40}"
EndProject
Project("{FAE04EC0-301F-11D3-BF4B-00C04F79EFBC}") = "DegiskenFaaliyetAlanlari", "DegiskenFaaliyetAlanlari\DegiskenFaaliyetAlanlari.csproj", "{0AE51A1D-BD3D-4F4F-9447-C7D5B1ACB040}"
EndProject
Project("{FAE04EC0-301F-11D3-BF4B-00C04F79EFBC}") = "DegiskenAlistrima1", "DegiskenAlistrima1\DegiskenAlistrima1.csproj", "{BD6EC9DE-E7AD-4FE6-A9DF-FABF6E39BEE8}"
EndProject
Project("{FAE04EC0-301F-11D3-BF4B-00C04F79EFBC}") = "BilincsizTurDonusumu", "BilincsizTurDonusumu\BilincsizTurDonusumu.csproj", "{53406E90-4A1A-4AC8-86C6-89A8A3869BB4}"
EndProject
Project("{FAE04EC0-301F-11D3-BF4B-00C04F79EFBC}") = "StringDonusumu", "StringDonusumu\StringDonusumu.csproj", "{3CC79B19-B582-43E0-A250-38F915D2366D}"
EndProject
Project("{FAE04EC0-301F-11D3-BF4B-00C04F79EFBC}") = "DegiskenAlistirmalar2", "DegiskenAlistirmalar2\DegiskenAlistirmalar2.csproj", "{4173928F-B667-4D69-9139-166ADB8DDF07}"
EndProject
Project("{FAE04EC0-301F-11D3-BF4B-00C04F79EFBC}") = "DegiskenlerAlistirma3", "DegiskenlerAlistirma3\DegiskenlerAlistirma3.csproj", "{06195E16-B92B-4C5F-BA3A-A7CA3F956079}"
EndProject
Project("{FAE04EC0-301F-11D3-BF4B-00C04F79EFBC}") = "Alistirma 1", "Alistirma 1\Alistirma 1.csproj", "{CA1AFA01-CCF4-4586-B5AE-3F461B316CD7}"
EndProject
Global
	GlobalSection(SolutionConfigurationPlatforms) = preSolution
		Debug|Any CPU = Debug|Any CPU
		Release|Any CPU = Release|Any CPU
	EndGlobalSection
	GlobalSection(ProjectConfigurationPlatforms) = postSolution
		{038491EA-78E4-4479-A833-3E56DD7A8C5B}.Debug|Any CPU.ActiveCfg = Debug|Any CPU
		{038491EA-78E4-4479-A833-3E56DD7A8C5B}.Debug|Any CPU.Build.0 = Debug|Any CPU
		{038491EA-78E4-4479-A833-3E56DD7A8C5B}.Release|Any CPU.ActiveCfg = Release|Any CPU
		{038491EA-78E4-4479-A833-3E56DD7A8C5B}.Release|Any CPU.Build.0 = Release|Any CPU
		{2A16C846-2412-4EFF-80D3-5CEFA877FB55}.Debug|Any CPU.ActiveCfg = Debug|Any CPU
		{2A16C846-2412-4EFF-80D3-5CEFA877FB55}.Debug|Any CPU.Build.0 = Debug|Any CPU
		{2A16C846-2412-4EFF-80D3-5CEFA877FB55}.Release|Any CPU.ActiveCfg = Release|Any CPU
		{2A16C846-2412-4EFF-80D3-5CEFA877FB55}.Release|Any CPU.Build.0 = Release|Any CPU
		{2C18ED8F-2926-453D-AA4F-65C56DD8DB8B}.Debug|Any CPU.ActiveCfg = Debug|Any CPU
		{2C18ED8F-2926-453D-AA4F-65C56DD8DB8B}.Debug|Any CPU.Build.0 = Debug|Any CPU
		{2C18ED8F-2926-453D-AA4F-65C56DD8DB8B}.Release|Any CPU.ActiveCfg = Release|Any CPU
		{2C18ED8F-2926-453D-AA4F-65C56DD8DB8B}.Release|Any CPU.Build.0 = Release|Any CPU
		{5844284E-29E6-4099-857E-1471310D0368}.Debug|Any CPU.ActiveCfg = Debug|Any CPU
		{5844284E-29E6-4099-857E-1471310D0368}.Debug|Any CPU.Build.0 = Debug|Any CPU
		{5844284E-29E6-4099-857E-1471310D0368}.Release|Any CPU.ActiveCfg = Release|Any CPU
		{5844284E-29E6-4099-857E-1471310D0368}.Release|Any CPU.Build.0 = Release|Any CPU
		{12525C7D-53AC-4394-B697-84303860760D}.Debug|Any CPU.ActiveCfg = Debug|Any CPU
		{12525C7D-53AC-4394-B697-84303860760D}.Debug|Any CPU.Build.0 = Debug|Any CPU
		{12525C7D-53AC-4394-B697-84303860760D}.Release|Any CPU.ActiveCfg = Release|Any CPU
		{12525C7D-53AC-4394-B697-84303860760D}.Release|Any CPU.Build.0 = Release|Any CPU
		{4E7B6CAF-FEAC-40C2-9F1A-CFFB9165503D}.Debug|Any CPU.ActiveCfg = Debug|Any CPU
		{4E7B6CAF-FEAC-40C2-9F1A-CFFB9165503D}.Debug|Any CPU.Build.0 = Debug|Any CPU
		{4E7B6CAF-FEAC-40C2-9F1A-CFFB9165503D}.Release|Any CPU.ActiveCfg = Release|Any CPU
		{4E7B6CAF-FEAC-40C2-9F1A-CFFB9165503D}.Release|Any CPU.Build.0 = Release|Any CPU
		{765BC96C-BD35-4AD7-A7A6-9D6C8FE20C40}.Debug|Any CPU.ActiveCfg = Debug|Any CPU
		{765BC96C-BD35-4AD7-A7A6-9D6C8FE20C40}.Debug|Any CPU.Build.0 = Debug|Any CPU
		{765BC96C-BD35-4AD7-A7A6-9D6C8FE20C40}.Release|Any CPU.ActiveCfg = Release|Any CPU
		{765BC96C-BD35-4AD7-A7A6-9D6C8FE20C40}.Release|Any CPU.Build.0 = Release|Any CPU
		{0AE51A1D-BD3D-4F4F-9447-C7D5B1ACB040}.Debug|Any CPU.ActiveCfg = Debug|Any CPU
		{0AE51A1D-BD3D-4F4F-9447-C7D5B1ACB040}.Debug|Any CPU.Build.0 = Debug|Any CPU
		{0AE51A1D-BD3D-4F4F-9447-C7D5B1ACB040}.Release|Any CPU.ActiveCfg = Release|Any CPU
		{0AE51A1D-BD3D-4F4F-9447-C7D5B1ACB040}.Release|Any CPU.Build.0 = Release|Any CPU
		{BD6EC9DE-E7AD-4FE6-A9DF-FABF6E39BEE8}.Debug|Any CPU.ActiveCfg = Debug|Any CPU
		{BD6EC9DE-E7AD-4FE6-A9DF-FABF6E39BEE8}.Debug|Any CPU.Build.0 = Debug|Any CPU
		{BD6EC9DE-E7AD-4FE6-A9DF-FABF6E39BEE8}.Release|Any CPU.ActiveCfg = Release|Any CPU
		{BD6EC9DE-E7AD-4FE6-A9DF-FABF6E39BEE8}.Release|Any CPU.Build.0 = Release|Any CPU
		{53406E90-4A1A-4AC8-86C6-89A8A3869BB4}.Debug|Any CPU.ActiveCfg = Debug|Any CPU
		{53406E90-4A1A-4AC8-86C6-89A8A3869BB4}.Debug|Any CPU.Build.0 = Debug|Any CPU
		{53406E90-4A1A-4AC8-86C6-89A8A3869BB4}.Release|Any CPU.ActiveCfg = Release|Any CPU
		{53406E90-4A1A-4AC8-86C6-89A8A3869BB4}.Release|Any CPU.Build.0 = Release|Any CPU
		{3CC79B19-B582-43E0-A250-38F915D2366D}.Debug|Any CPU.ActiveCfg = Debug|Any CPU
		{3CC79B19-B582-43E0-A250-38F915D2366D}.Debug|Any CPU.Build.0 = Debug|Any CPU
		{3CC79B19-B582-43E0-A250-38F915D2366D}.Release|Any CPU.ActiveCfg = Release|Any CPU
		{3CC79B19-B582-43E0-A250-38F915D2366D}.Release|Any CPU.Build.0 = Release|Any CPU
		{4173928F-B667-4D69-9139-166ADB8DDF07}.Debug|Any CPU.ActiveCfg = Debug|Any CPU
		{4173928F-B667-4D69-9139-166ADB8DDF07}.Debug|Any CPU.Build.0 = Debug|Any CPU
		{4173928F-B667-4D69-9139-166ADB8DDF07}.Release|Any CPU.ActiveCfg = Release|Any CPU
		{4173928F-B667-4D69-9139-166ADB8DDF07}.Release|Any CPU.Build.0 = Release|Any CPU
		{06195E16-B92B-4C5F-BA3A-A7CA3F956079}.Debug|Any CPU.ActiveCfg = Debug|Any CPU
		{06195E16-B92B-4C5F-BA3A-A7CA3F956079}.Debug|Any CPU.Build.0 = Debug|Any CPU
		{06195E16-B92B-4C5F-BA3A-A7CA3F956079}.Release|Any CPU.ActiveCfg = Release|Any CPU
		{06195E16-B92B-4C5F-BA3A-A7CA3F956079}.Release|Any CPU.Build.0 = Release|Any CPU
		{CA1AFA01-CCF4-4586-B5AE-3F461B316CD7}.Debug|Any CPU.ActiveCfg = Debug|Any CPU
		{CA1AFA01-CCF4-4586-B5AE-3F461B316CD7}.Debug|Any CPU.Build.0 = Debug|Any CPU
		{CA1AFA01-CCF4-4586-B5AE-3F461B316CD7}.Release|Any CPU.ActiveCfg = Release|Any CPU
		{CA1AFA01-CCF4-4586-B5AE-3F461B316CD7}.Release|Any CPU.Build.0 = Release|Any CPU
	EndGlobalSection
	GlobalSection(SolutionProperties) = preSolution
		HideSolutionNode = FALSE
	EndGlobalSection
EndGlobal
