
Microsoft Visual Studio Solution File, Format Version 12.00
# Visual Studio Version 17
VisualStudioVersion = 17.12.35527.113 d17.12
MinimumVisualStudioVersion = 10.0.40219.1
Project("{FAE04EC0-301F-11D3-BF4B-00C04F79EFBC}") = "DegiskenTurleri", "DegiskenTurleri\DegiskenTurleri.csproj", "{038491EA-78E4-4479-A833-3E56DD7A8C5B}"
EndProject
Project("{FAE04EC0-301F-11D3-BF4B-00C04F79EFBC}") = "charVeriTipiİnceleme", "charVeriTipiİnceleme\charVeriTipiİnceleme.csproj", "{2A16C846-2412-4EFF-80D3-5CEFA877FB55}"
EndProject
Project("{FAE04EC0-301F-11D3-BF4B-00C04F79EFBC}") = "SayisalDegiskenlerTamSayi", "SayisalDegiskenlerTamSayi\SayisalDegiskenlerTamSayi.csproj", "{2C18ED8F-2926-453D-AA4F-65C56DD8DB8B}"
EndProject
Project("{FAE04EC0-301F-11D3-BF4B-00C04F79EFBC}") = "SayisalDegiskenlerOndalikli", "SayisalDegiskenlerOndalikli\SayisalDegiskenlerOndalikli.csproj", "{5844284E-29E6-4099-857E-1471310D0368}"
EndProject
Global
	GlobalSection(SolutionConfigurationPlatforms) = preSolution
		Debug|Any CPU = Debug|Any CPU
		Release|Any CPU = Release|Any CPU
	EndGlobalSection
	GlobalSection(ProjectConfigurationPlatforms) = postSolution
		{038491EA-78E4-4479-A833-3E56DD7A8C5B}.Debug|Any CPU.ActiveCfg = Debug|Any CPU
		{038491EA-78E4-4479-A833-3E56DD7A8C5B}.Debug|Any CPU.Build.0 = Debug|Any CPU
		{038491EA-78E4-4479-A833-3E56DD7A8C5B}.Release|Any CPU.ActiveCfg = Release|Any CPU
		{038491EA-78E4-4479-A833-3E56DD7A8C5B}.Release|Any CPU.Build.0 = Release|Any CPU
		{2A16C846-2412-4EFF-80D3-5CEFA877FB55}.Debug|Any CPU.ActiveCfg = Debug|Any CPU
		{2A16C846-2412-4EFF-80D3-5CEFA877FB55}.Debug|Any CPU.Build.0 = Debug|Any CPU
		{2A16C846-2412-4EFF-80D3-5CEFA877FB55}.Release|Any CPU.ActiveCfg = Release|Any CPU
		{2A16C846-2412-4EFF-80D3-5CEFA877FB55}.Release|Any CPU.Build.0 = Release|Any CPU
		{2C18ED8F-2926-453D-AA4F-65C56DD8DB8B}.Debug|Any CPU.ActiveCfg = Debug|Any CPU
		{2C18ED8F-2926-453D-AA4F-65C56DD8DB8B}.Debug|Any CPU.Build.0 = Debug|Any CPU
		{2C18ED8F-2926-453D-AA4F-65C56DD8DB8B}.Release|Any CPU.ActiveCfg = Release|Any CPU
		{2C18ED8F-2926-453D-AA4F-65C56DD8DB8B}.Release|Any CPU.Build.0 = Release|Any CPU
		{5844284E-29E6-4099-857E-1471310D0368}.Debug|Any CPU.ActiveCfg = Debug|Any CPU
		{5844284E-29E6-4099-857E-1471310D0368}.Debug|Any CPU.Build.0 = Debug|Any CPU
		{5844284E-29E6-4099-857E-1471310D0368}.Release|Any CPU.ActiveCfg = Release|Any CPU
		{5844284E-29E6-4099-857E-1471310D0368}.Release|Any CPU.Build.0 = Release|Any CPU
	EndGlobalSection
	GlobalSection(SolutionProperties) = preSolution
		HideSolutionNode = FALSE
	EndGlobalSection
EndGlobal
